// !$*UTF8*$!
{
	archiveVersion = 1;
	classes = {
	};
	objectVersion = 56;
	objects = {

/* Begin PBXBuildFile section */
		47150AA92ABA8D9800D06900 /* Finance_TrackerApp.swift in Sources */ = {isa = PBXBuildFile; fileRef = 47150AA82ABA8D9800D06900 /* Finance_TrackerApp.swift */; };
		47150AAB2ABA8D9800D06900 /* ContentView.swift in Sources */ = {isa = PBXBuildFile; fileRef = 47150AAA2ABA8D9800D06900 /* ContentView.swift */; };
		47150AAD2ABA8D9900D06900 /* Assets.xcassets in Resources */ = {isa = PBXBuildFile; fileRef = 47150AAC2ABA8D9900D06900 /* Assets.xcassets */; };
		47150AB02ABA8D9900D06900 /* Preview Assets.xcassets in Resources */ = {isa = PBXBuildFile; fileRef = 47150AAF2ABA8D9900D06900 /* Preview Assets.xcassets */; };
		47150ABA2ABA8D9900D06900 /* Finance_TrackerTests.swift in Sources */ = {isa = PBXBuildFile; fileRef = 47150AB92ABA8D9900D06900 /* Finance_TrackerTests.swift */; };
		47150AC42ABA8D9900D06900 /* Finance_TrackerUITests.swift in Sources */ = {isa = PBXBuildFile; fileRef = 47150AC32ABA8D9900D06900 /* Finance_TrackerUITests.swift */; };
		47150AC62ABA8D9900D06900 /* Finance_TrackerUITestsLaunchTests.swift in Sources */ = {isa = PBXBuildFile; fileRef = 47150AC52ABA8D9900D06900 /* Finance_TrackerUITestsLaunchTests.swift */; };
		47150AD32ABA9AD800D06900 /* Extensions.swift in Sources */ = {isa = PBXBuildFile; fileRef = 47150AD22ABA9AD800D06900 /* Extensions.swift */; };
/* End PBXBuildFile section */

/* Begin PBXContainerItemProxy section */
		47150AB62ABA8D9900D06900 /* PBXContainerItemProxy */ = {
			isa = PBXContainerItemProxy;
			containerPortal = 47150A9D2ABA8D9800D06900 /* Project object */;
			proxyType = 1;
			remoteGlobalIDString = 47150AA42ABA8D9800D06900;
			remoteInfo = "Finance Tracker";
		};
		47150AC02ABA8D9900D06900 /* PBXContainerItemProxy */ = {
			isa = PBXContainerItemProxy;
			containerPortal = 47150A9D2ABA8D9800D06900 /* Project object */;
			proxyType = 1;
			remoteGlobalIDString = 47150AA42ABA8D9800D06900;
			remoteInfo = "Finance Tracker";
		};
/* End PBXContainerItemProxy section */

/* Begin PBXFileReference section */
		47150AA52ABA8D9800D06900 /* Finance Tracker.app */ = {isa = PBXFileReference; explicitFileType = wrapper.application; includeInIndex = 0; path = "Finance Tracker.app"; sourceTree = BUILT_PRODUCTS_DIR; };
		47150AA82ABA8D9800D06900 /* Finance_TrackerApp.swift */ = {isa = PBXFileReference; lastKnownFileType = sourcecode.swift; path = Finance_TrackerApp.swift; sourceTree = "<group>"; };
		47150AAA2ABA8D9800D06900 /* ContentView.swift */ = {isa = PBXFileReference; lastKnownFileType = sourcecode.swift; path = ContentView.swift; sourceTree = "<group>"; };
		47150AAC2ABA8D9900D06900 /* Assets.xcassets */ = {isa = PBXFileReference; lastKnownFileType = folder.assetcatalog; path = Assets.xcassets; sourceTree = "<group>"; };
		47150AAF2ABA8D9900D06900 /* Preview Assets.xcassets */ = {isa = PBXFileReference; lastKnownFileType = folder.assetcatalog; path = "Preview Assets.xcassets"; sourceTree = "<group>"; };
		47150AB52ABA8D9900D06900 /* Finance TrackerTests.xctest */ = {isa = PBXFileReference; explicitFileType = wrapper.cfbundle; includeInIndex = 0; path = "Finance TrackerTests.xctest"; sourceTree = BUILT_PRODUCTS_DIR; };
		47150AB92ABA8D9900D06900 /* Finance_TrackerTests.swift */ = {isa = PBXFileReference; lastKnownFileType = sourcecode.swift; path = Finance_TrackerTests.swift; sourceTree = "<group>"; };
		47150ABF2ABA8D9900D06900 /* Finance TrackerUITests.xctest */ = {isa = PBXFileReference; explicitFileType = wrapper.cfbundle; includeInIndex = 0; path = "Finance TrackerUITests.xctest"; sourceTree = BUILT_PRODUCTS_DIR; };
		47150AC32ABA8D9900D06900 /* Finance_TrackerUITests.swift */ = {isa = PBXFileReference; lastKnownFileType = sourcecode.swift; path = Finance_TrackerUITests.swift; sourceTree = "<group>"; };
		47150AC52ABA8D9900D06900 /* Finance_TrackerUITestsLaunchTests.swift */ = {isa = PBXFileReference; lastKnownFileType = sourcecode.swift; path = Finance_TrackerUITestsLaunchTests.swift; sourceTree = "<group>"; };
		47150AD22ABA9AD800D06900 /* Extensions.swift */ = {isa = PBXFileReference; lastKnownFileType = sourcecode.swift; path = Extensions.swift; sourceTree = "<group>"; };
/* End PBXFileReference section */

/* Begin PBXFrameworksBuildPhase section */
		47150AA22ABA8D9800D06900 /* Frameworks */ = {
			isa = PBXFrameworksBuildPhase;
			buildActionMask = 2147483647;
			files = (
			);
			runOnlyForDeploymentPostprocessing = 0;
		};
		47150AB22ABA8D9900D06900 /* Frameworks */ = {
			isa = PBXFrameworksBuildPhase;
			buildActionMask = 2147483647;
			files = (
			);
			runOnlyForDeploymentPostprocessing = 0;
		};
		47150ABC2ABA8D9900D06900 /* Frameworks */ = {
			isa = PBXFrameworksBuildPhase;
			buildActionMask = 2147483647;
			files = (
			);
			runOnlyForDeploymentPostprocessing = 0;
		};
/* End PBXFrameworksBuildPhase section */

/* Begin PBXGroup section */
		47150A9C2ABA8D9800D06900 = {
			isa = PBXGroup;
			children = (
				47150AA72ABA8D9800D06900 /* Finance Tracker */,
				47150AB82ABA8D9900D06900 /* Finance TrackerTests */,
				47150AC22ABA8D9900D06900 /* Finance TrackerUITests */,
				47150AA62ABA8D9800D06900 /* Products */,
			);
			sourceTree = "<group>";
		};
		47150AA62ABA8D9800D06900 /* Products */ = {
			isa = PBXGroup;
			children = (
				47150AA52ABA8D9800D06900 /* Finance Tracker.app */,
				47150AB52ABA8D9900D06900 /* Finance TrackerTests.xctest */,
				47150ABF2ABA8D9900D06900 /* Finance TrackerUITests.xctest */,
			);
			name = Products;
			sourceTree = "<group>";
		};
		47150AA72ABA8D9800D06900 /* Finance Tracker */ = {
			isa = PBXGroup;
			children = (
				47150AA82ABA8D9800D06900 /* Finance_TrackerApp.swift */,
				47150AAA2ABA8D9800D06900 /* ContentView.swift */,
				47150AD22ABA9AD800D06900 /* Extensions.swift */,
				47150AAC2ABA8D9900D06900 /* Assets.xcassets */,
				47150AAE2ABA8D9900D06900 /* Preview Content */,
			);
			path = "Finance Tracker";
			sourceTree = "<group>";
		};
		47150AAE2ABA8D9900D06900 /* Preview Content */ = {
			isa = PBXGroup;
			children = (
				47150AAF2ABA8D9900D06900 /* Preview Assets.xcassets */,
			);
			path = "Preview Content";
			sourceTree = "<group>";
		};
		47150AB82ABA8D9900D06900 /* Finance TrackerTests */ = {
			isa = PBXGroup;
			children = (
				47150AB92ABA8D9900D06900 /* Finance_TrackerTests.swift */,
			);
			path = "Finance TrackerTests";
			sourceTree = "<group>";
		};
		47150AC22ABA8D9900D06900 /* Finance TrackerUITests */ = {
			isa = PBXGroup;
			children = (
				47150AC32ABA8D9900D06900 /* Finance_TrackerUITests.swift */,
				47150AC52ABA8D9900D06900 /* Finance_TrackerUITestsLaunchTests.swift */,
			);
			path = "Finance TrackerUITests";
			sourceTree = "<group>";
		};
/* End PBXGroup section */

/* Begin PBXNativeTarget section */
		47150AA42ABA8D9800D06900 /* Finance Tracker */ = {
			isa = PBXNativeTarget;
			buildConfigurationList = 47150AC92ABA8D9900D06900 /* Build configuration list for PBXNativeTarget "Finance Tracker" */;
			buildPhases = (
				47150AA12ABA8D9800D06900 /* Sources */,
				47150AA22ABA8D9800D06900 /* Frameworks */,
				47150AA32ABA8D9800D06900 /* Resources */,
			);
			buildRules = (
			);
			dependencies = (
			);
			name = "Finance Tracker";
			productName = "Finance Tracker";
			productReference = 47150AA52ABA8D9800D06900 /* Finance Tracker.app */;
			productType = "com.apple.product-type.application";
		};
		47150AB42ABA8D9900D06900 /* Finance TrackerTests */ = {
			isa = PBXNativeTarget;
			buildConfigurationList = 47150ACC2ABA8D9900D06900 /* Build configuration list for PBXNativeTarget "Finance TrackerTests" */;
			buildPhases = (
				47150AB12ABA8D9900D06900 /* Sources */,
				47150AB22ABA8D9900D06900 /* Frameworks */,
				47150AB32ABA8D9900D06900 /* Resources */,
			);
			buildRules = (
			);
			dependencies = (
				47150AB72ABA8D9900D06900 /* PBXTargetDependency */,
			);
			name = "Finance TrackerTests";
			productName = "Finance TrackerTests";
			productReference = 47150AB52ABA8D9900D06900 /* Finance TrackerTests.xctest */;
			productType = "com.apple.product-type.bundle.unit-test";
		};
		47150ABE2ABA8D9900D06900 /* Finance TrackerUITests */ = {
			isa = PBXNativeTarget;
			buildConfigurationList = 47150ACF2ABA8D9900D06900 /* Build configuration list for PBXNativeTarget "Finance TrackerUITests" */;
			buildPhases = (
				47150ABB2ABA8D9900D06900 /* Sources */,
				47150ABC2ABA8D9900D06900 /* Frameworks */,
				47150ABD2ABA8D9900D06900 /* Resources */,
			);
			buildRules = (
			);
			dependencies = (
				47150AC12ABA8D9900D06900 /* PBXTargetDependency */,
			);
			name = "Finance TrackerUITests";
			productName = "Finance TrackerUITests";
			productReference = 47150ABF2ABA8D9900D06900 /* Finance TrackerUITests.xctest */;
			productType = "com.apple.product-type.bundle.ui-testing";
		};
/* End PBXNativeTarget section */

/* Begin PBXProject section */
		47150A9D2ABA8D9800D06900 /* Project object */ = {
			isa = PBXProject;
			attributes = {
				BuildIndependentTargetsInParallel = 1;
				LastSwiftUpdateCheck = 1430;
				LastUpgradeCheck = 1430;
				TargetAttributes = {
					47150AA42ABA8D9800D06900 = {
						CreatedOnToolsVersion = 14.3.1;
					};
					47150AB42ABA8D9900D06900 = {
						CreatedOnToolsVersion = 14.3.1;
						TestTargetID = 47150AA42ABA8D9800D06900;
					};
					47150ABE2ABA8D9900D06900 = {
						CreatedOnToolsVersion = 14.3.1;
						TestTargetID = 47150AA42ABA8D9800D06900;
					};
				};
			};
			buildConfigurationList = 47150AA02ABA8D9800D06900 /* Build configuration list for PBXProject "Finance Tracker" */;
			compatibilityVersion = "Xcode 14.0";
			developmentRegion = en;
			hasScannedForEncodings = 0;
			knownRegions = (
				en,
				Base,
			);
			mainGroup = 47150A9C2ABA8D9800D06900;
			productRefGroup = 47150AA62ABA8D9800D06900 /* Products */;
			projectDirPath = "";
			projectRoot = "";
			targets = (
				47150AA42ABA8D9800D06900 /* Finance Tracker */,
				47150AB42ABA8D9900D06900 /* Finance TrackerTests */,
				47150ABE2ABA8D9900D06900 /* Finance TrackerUITests */,
			);
		};
/* End PBXProject section */

/* Begin PBXResourcesBuildPhase section */
		47150AA32ABA8D9800D06900 /* Resources */ = {
			isa = PBXResourcesBuildPhase;
			buildActionMask = 2147483647;
			files = (
				47150AB02ABA8D9900D06900 /* Preview Assets.xcassets in Resources */,
				47150AAD2ABA8D9900D06900 /* Assets.xcassets in Resources */,
			);
			runOnlyForDeploymentPostprocessing = 0;
		};
		47150AB32ABA8D9900D06900 /* Resources */ = {
			isa = PBXResourcesBuildPhase;
			buildActionMask = 2147483647;
			files = (
			);
			runOnlyForDeploymentPostprocessing = 0;
		};
		47150ABD2ABA8D9900D06900 /* Resources */ = {
			isa = PBXResourcesBuildPhase;
			buildActionMask = 2147483647;
			files = (
			);
			runOnlyForDeploymentPostprocessing = 0;
		};
/* End PBXResourcesBuildPhase section */

/* Begin PBXSourcesBuildPhase section */
		47150AA12ABA8D9800D06900 /* Sources */ = {
			isa = PBXSourcesBuildPhase;
			buildActionMask = 2147483647;
			files = (
				47150AAB2ABA8D9800D06900 /* ContentView.swift in Sources */,
				47150AD32ABA9AD800D06900 /* Extensions.swift in Sources */,
				47150AA92ABA8D9800D06900 /* Finance_TrackerApp.swift in Sources */,
			);
			runOnlyForDeploymentPostprocessing = 0;
		};
		47150AB12ABA8D9900D06900 /* Sources */ = {
			isa = PBXSourcesBuildPhase;
			buildActionMask = 2147483647;
			files = (
				47150ABA2ABA8D9900D06900 /* Finance_TrackerTests.swift in Sources */,
			);
			runOnlyForDeploymentPostprocessing = 0;
		};
		47150ABB2ABA8D9900D06900 /* Sources */ = {
			isa = PBXSourcesBuildPhase;
			buildActionMask = 2147483647;
			files = (
				47150AC62ABA8D9900D06900 /* Finance_TrackerUITestsLaunchTests.swift in Sources */,
				47150AC42ABA8D9900D06900 /* Finance_TrackerUITests.swift in Sources */,
			);
			runOnlyForDeploymentPostprocessing = 0;
		};
/* End PBXSourcesBuildPhase section */

/* Begin PBXTargetDependency section */
		47150AB72ABA8D9900D06900 /* PBXTargetDependency */ = {
			isa = PBXTargetDependency;
			target = 47150AA42ABA8D9800D06900 /* Finance Tracker */;
			targetProxy = 47150AB62ABA8D9900D06900 /* PBXContainerItemProxy */;
		};
		47150AC12ABA8D9900D06900 /* PBXTargetDependency */ = {
			isa = PBXTargetDependency;
			target = 47150AA42ABA8D9800D06900 /* Finance Tracker */;
			targetProxy = 47150AC02ABA8D9900D06900 /* PBXContainerItemProxy */;
		};
/* End PBXTargetDependency section */

/* Begin XCBuildConfiguration section */
		47150AC72ABA8D9900D06900 /* Debug */ = {
			isa = XCBuildConfiguration;
			buildSettings = {
				ALWAYS_SEARCH_USER_PATHS = NO;
				CLANG_ANALYZER_NONNULL = YES;
				CLANG_ANALYZER_NUMBER_OBJECT_CONVERSION = YES_AGGRESSIVE;
				CLANG_CXX_LANGUAGE_STANDARD = "gnu++20";
				CLANG_ENABLE_MODULES = YES;
				CLANG_ENABLE_OBJC_ARC = YES;
				CLANG_ENABLE_OBJC_WEAK = YES;
				CLANG_WARN_BLOCK_CAPTURE_AUTORELEASING = YES;
				CLANG_WARN_BOOL_CONVERSION = YES;
				CLANG_WARN_COMMA = YES;
				CLANG_WARN_CONSTANT_CONVERSION = YES;
				CLANG_WARN_DEPRECATED_OBJC_IMPLEMENTATIONS = YES;
				CLANG_WARN_DIRECT_OBJC_ISA_USAGE = YES_ERROR;
				CLANG_WARN_DOCUMENTATION_COMMENTS = YES;
				CLANG_WARN_EMPTY_BODY = YES;
				CLANG_WARN_ENUM_CONVERSION = YES;
				CLANG_WARN_INFINITE_RECURSION = YES;
				CLANG_WARN_INT_CONVERSION = YES;
				CLANG_WARN_NON_LITERAL_NULL_CONVERSION = YES;
				CLANG_WARN_OBJC_IMPLICIT_RETAIN_SELF = YES;
				CLANG_WARN_OBJC_LITERAL_CONVERSION = YES;
				CLANG_WARN_OBJC_ROOT_CLASS = YES_ERROR;
				CLANG_WARN_QUOTED_INCLUDE_IN_FRAMEWORK_HEADER = YES;
				CLANG_WARN_RANGE_LOOP_ANALYSIS = YES;
				CLANG_WARN_STRICT_PROTOTYPES = YES;
				CLANG_WARN_SUSPICIOUS_MOVE = YES;
				CLANG_WARN_UNGUARDED_AVAILABILITY = YES_AGGRESSIVE;
				CLANG_WARN_UNREACHABLE_CODE = YES;
				CLANG_WARN__DUPLICATE_METHOD_MATCH = YES;
				COPY_PHASE_STRIP = NO;
				DEBUG_INFORMATION_FORMAT = dwarf;
				ENABLE_STRICT_OBJC_MSGSEND = YES;
				ENABLE_TESTABILITY = YES;
				GCC_C_LANGUAGE_STANDARD = gnu11;
				GCC_DYNAMIC_NO_PIC = NO;
				GCC_NO_COMMON_BLOCKS = YES;
				GCC_OPTIMIZATION_LEVEL = 0;
				GCC_PREPROCESSOR_DEFINITIONS = (
					"DEBUG=1",
					"$(inherited)",
				);
				GCC_WARN_64_TO_32_BIT_CONVERSION = YES;
				GCC_WARN_ABOUT_RETURN_TYPE = YES_ERROR;
				GCC_WARN_UNDECLARED_SELECTOR = YES;
				GCC_WARN_UNINITIALIZED_AUTOS = YES_AGGRESSIVE;
				GCC_WARN_UNUSED_FUNCTION = YES;
				GCC_WARN_UNUSED_VARIABLE = YES;
				IPHONEOS_DEPLOYMENT_TARGET = 16.4;
				MTL_ENABLE_DEBUG_INFO = INCLUDE_SOURCE;
				MTL_FAST_MATH = YES;
				ONLY_ACTIVE_ARCH = YES;
				SDKROOT = iphoneos;
				SWIFT_ACTIVE_COMPILATION_CONDITIONS = DEBUG;
				SWIFT_OPTIMIZATION_LEVEL = "-Onone";
			};
			name = Debug;
		};
		47150AC82ABA8D9900D06900 /* Release */ = {
			isa = XCBuildConfiguration;
			buildSettings = {
				ALWAYS_SEARCH_USER_PATHS = NO;
				CLANG_ANALYZER_NONNULL = YES;
				CLANG_ANALYZER_NUMBER_OBJECT_CONVERSION = YES_AGGRESSIVE;
				CLANG_CXX_LANGUAGE_STANDARD = "gnu++20";
				CLANG_ENABLE_MODULES = YES;
				CLANG_ENABLE_OBJC_ARC = YES;
				CLANG_ENABLE_OBJC_WEAK = YES;
				CLANG_WARN_BLOCK_CAPTURE_AUTORELEASING = YES;
				CLANG_WARN_BOOL_CONVERSION = YES;
				CLANG_WARN_COMMA = YES;
				CLANG_WARN_CONSTANT_CONVERSION = YES;
				CLANG_WARN_DEPRECATED_OBJC_IMPLEMENTATIONS = YES;
				CLANG_WARN_DIRECT_OBJC_ISA_USAGE = YES_ERROR;
				CLANG_WARN_DOCUMENTATION_COMMENTS = YES;
				CLANG_WARN_EMPTY_BODY = YES;
				CLANG_WARN_ENUM_CONVERSION = YES;
				CLANG_WARN_INFINITE_RECURSION = YES;
				CLANG_WARN_INT_CONVERSION = YES;
				CLANG_WARN_NON_LITERAL_NULL_CONVERSION = YES;
				CLANG_WARN_OBJC_IMPLICIT_RETAIN_SELF = YES;
				CLANG_WARN_OBJC_LITERAL_CONVERSION = YES;
				CLANG_WARN_OBJC_ROOT_CLASS = YES_ERROR;
				CLANG_WARN_QUOTED_INCLUDE_IN_FRAMEWORK_HEADER = YES;
				CLANG_WARN_RANGE_LOOP_ANALYSIS = YES;
				CLANG_WARN_STRICT_PROTOTYPES = YES;
				CLANG_WARN_SUSPICIOUS_MOVE = YES;
				CLANG_WARN_UNGUARDED_AVAILABILITY = YES_AGGRESSIVE;
				CLANG_WARN_UNREACHABLE_CODE = YES;
				CLANG_WARN__DUPLICATE_METHOD_MATCH = YES;
				COPY_PHASE_STRIP = NO;
				DEBUG_INFORMATION_FORMAT = "dwarf-with-dsym";
				ENABLE_NS_ASSERTIONS = NO;
				ENABLE_STRICT_OBJC_MSGSEND = YES;
				GCC_C_LANGUAGE_STANDARD = gnu11;
				GCC_NO_COMMON_BLOCKS = YES;
				GCC_WARN_64_TO_32_BIT_CONVERSION = YES;
				GCC_WARN_ABOUT_RETURN_TYPE = YES_ERROR;
				GCC_WARN_UNDECLARED_SELECTOR = YES;
				GCC_WARN_UNINITIALIZED_AUTOS = YES_AGGRESSIVE;
				GCC_WARN_UNUSED_FUNCTION = YES;
				GCC_WARN_UNUSED_VARIABLE = YES;
				IPHONEOS_DEPLOYMENT_TARGET = 16.4;
				MTL_ENABLE_DEBUG_INFO = NO;
				MTL_FAST_MATH = YES;
				SDKROOT = iphoneos;
				SWIFT_COMPILATION_MODE = wholemodule;
				SWIFT_OPTIMIZATION_LEVEL = "-O";
				VALIDATE_PRODUCT = YES;
			};
			name = Release;
		};
		47150ACA2ABA8D9900D06900 /* Debug */ = {
			isa = XCBuildConfiguration;
			buildSettings = {
				ASSETCATALOG_COMPILER_APPICON_NAME = AppIcon;
				ASSETCATALOG_COMPILER_GLOBAL_ACCENT_COLOR_NAME = AccentColor;
				CODE_SIGN_STYLE = Automatic;
				CURRENT_PROJECT_VERSION = 1;
				DEVELOPMENT_ASSET_PATHS = "\"Finance Tracker/Preview Content\"";
				ENABLE_PREVIEWS = YES;
				GENERATE_INFOPLIST_FILE = YES;
				INFOPLIST_KEY_UIApplicationSceneManifest_Generation = YES;
				INFOPLIST_KEY_UIApplicationSupportsIndirectInputEvents = YES;
				INFOPLIST_KEY_UILaunchScreen_Generation = YES;
				INFOPLIST_KEY_UISupportedInterfaceOrientations_iPad = "UIInterfaceOrientationPortrait UIInterfaceOrientationPortraitUpsideDown UIInterfaceOrientationLandscapeLeft UIInterfaceOrientationLandscapeRight";
				INFOPLIST_KEY_UISupportedInterfaceOrientations_iPhone = "UIInterfaceOrientationPortrait UIInterfaceOrientationLandscapeLeft UIInterfaceOrientationLandscapeRight";
				LD_RUNPATH_SEARCH_PATHS = (
					"$(inherited)",
					"@executable_path/Frameworks",
				);
				MARKETING_VERSION = 1.0;
				PRODUCT_BUNDLE_IDENTIFIER = "Orlik-Design-Lab.Finance-Tracker";
				PRODUCT_NAME = "$(TARGET_NAME)";
				SWIFT_EMIT_LOC_STRINGS = YES;
				SWIFT_VERSION = 5.0;
				TARGETED_DEVICE_FAMILY = "1,2";
			};
			name = Debug;
		};
		47150ACB2ABA8D9900D06900 /* Release */ = {
			isa = XCBuildConfiguration;
			buildSettings = {
				ASSETCATALOG_COMPILER_APPICON_NAME = AppIcon;
				ASSETCATALOG_COMPILER_GLOBAL_ACCENT_COLOR_NAME = AccentColor;
				CODE_SIGN_STYLE = Automatic;
				CURRENT_PROJECT_VERSION = 1;
				DEVELOPMENT_ASSET_PATHS = "\"Finance Tracker/Preview Content\"";
				ENABLE_PREVIEWS = YES;
				GENERATE_INFOPLIST_FILE = YES;
				INFOPLIST_KEY_UIApplicationSceneManifest_Generation = YES;
				INFOPLIST_KEY_UIApplicationSupportsIndirectInputEvents = YES;
				INFOPLIST_KEY_UILaunchScreen_Generation = YES;
				INFOPLIST_KEY_UISupportedInterfaceOrientations_iPad = "UIInterfaceOrientationPortrait UIInterfaceOrientationPortraitUpsideDown UIInterfaceOrientationLandscapeLeft UIInterfaceOrientationLandscapeRight";
				INFOPLIST_KEY_UISupportedInterfaceOrientations_iPhone = "UIInterfaceOrientationPortrait UIInterfaceOrientationLandscapeLeft UIInterfaceOrientationLandscapeRight";
				LD_RUNPATH_SEARCH_PATHS = (
					"$(inherited)",
					"@executable_path/Frameworks",
				);
				MARKETING_VERSION = 1.0;
				PRODUCT_BUNDLE_IDENTIFIER = "Orlik-Design-Lab.Finance-Tracker";
				PRODUCT_NAME = "$(TARGET_NAME)";
				SWIFT_EMIT_LOC_STRINGS = YES;
				SWIFT_VERSION = 5.0;
				TARGETED_DEVICE_FAMILY = "1,2";
			};
			name = Release;
		};
		47150ACD2ABA8D9900D06900 /* Debug */ = {
			isa = XCBuildConfiguration;
			buildSettings = {
				ALWAYS_EMBED_SWIFT_STANDARD_LIBRARIES = YES;
				BUNDLE_LOADER = "$(TEST_HOST)";
				CODE_SIGN_STYLE = Automatic;
				CURRENT_PROJECT_VERSION = 1;
				GENERATE_INFOPLIST_FILE = YES;
				IPHONEOS_DEPLOYMENT_TARGET = 16.4;
				MARKETING_VERSION = 1.0;
				PRODUCT_BUNDLE_IDENTIFIER = "Orlik-Design-Lab.Finance-TrackerTests";
				PRODUCT_NAME = "$(TARGET_NAME)";
				SWIFT_EMIT_LOC_STRINGS = NO;
				SWIFT_VERSION = 5.0;
				TARGETED_DEVICE_FAMILY = "1,2";
				TEST_HOST = "$(BUILT_PRODUCTS_DIR)/Finance Tracker.app/$(BUNDLE_EXECUTABLE_FOLDER_PATH)/Finance Tracker";
			};
			name = Debug;
		};
		47150ACE2ABA8D9900D06900 /* Release */ = {
			isa = XCBuildConfiguration;
			buildSettings = {
				ALWAYS_EMBED_SWIFT_STANDARD_LIBRARIES = YES;
				BUNDLE_LOADER = "$(TEST_HOST)";
				CODE_SIGN_STYLE = Automatic;
				CURRENT_PROJECT_VERSION = 1;
				GENERATE_INFOPLIST_FILE = YES;
				IPHONEOS_DEPLOYMENT_TARGET = 16.4;
				MARKETING_VERSION = 1.0;
				PRODUCT_BUNDLE_IDENTIFIER = "Orlik-Design-Lab.Finance-TrackerTests";
				PRODUCT_NAME = "$(TARGET_NAME)";
				SWIFT_EMIT_LOC_STRINGS = NO;
				SWIFT_VERSION = 5.0;
				TARGETED_DEVICE_FAMILY = "1,2";
				TEST_HOST = "$(BUILT_PRODUCTS_DIR)/Finance Tracker.app/$(BUNDLE_EXECUTABLE_FOLDER_PATH)/Finance Tracker";
			};
			name = Release;
		};
		47150AD02ABA8D9900D06900 /* Debug */ = {
			isa = XCBuildConfiguration;
			buildSettings = {
				ALWAYS_EMBED_SWIFT_STANDARD_LIBRARIES = YES;
				CODE_SIGN_STYLE = Automatic;
				CURRENT_PROJECT_VERSION = 1;
				GENERATE_INFOPLIST_FILE = YES;
				MARKETING_VERSION = 1.0;
				PRODUCT_BUNDLE_IDENTIFIER = "Orlik-Design-Lab.Finance-TrackerUITests";
				PRODUCT_NAME = "$(TARGET_NAME)";
				SWIFT_EMIT_LOC_STRINGS = NO;
				SWIFT_VERSION = 5.0;
				TARGETED_DEVICE_FAMILY = "1,2";
				TEST_TARGET_NAME = "Finance Tracker";
			};
			name = Debug;
		};
		47150AD12ABA8D9900D06900 /* Release */ = {
			isa = XCBuildConfiguration;
			buildSettings = {
				ALWAYS_EMBED_SWIFT_STANDARD_LIBRARIES = YES;
				CODE_SIGN_STYLE = Automatic;
				CURRENT_PROJECT_VERSION = 1;
				GENERATE_INFOPLIST_FILE = YES;
				MARKETING_VERSION = 1.0;
				PRODUCT_BUNDLE_IDENTIFIER = "Orlik-Design-Lab.Finance-TrackerUITests";
				PRODUCT_NAME = "$(TARGET_NAME)";
				SWIFT_EMIT_LOC_STRINGS = NO;
				SWIFT_VERSION = 5.0;
				TARGETED_DEVICE_FAMILY = "1,2";
				TEST_TARGET_NAME = "Finance Tracker";
			};
			name = Release;
		};
/* End XCBuildConfiguration section */

/* Begin XCConfigurationList section */
		47150AA02ABA8D9800D06900 /* Build configuration list for PBXProject "Finance Tracker" */ = {
			isa = XCConfigurationList;
			buildConfigurations = (
				47150AC72ABA8D9900D06900 /* Debug */,
				47150AC82ABA8D9900D06900 /* Release */,
			);
			defaultConfigurationIsVisible = 0;
			defaultConfigurationName = Release;
		};
		47150AC92ABA8D9900D06900 /* Build configuration list for PBXNativeTarget "Finance Tracker" */ = {
			isa = XCConfigurationList;
			buildConfigurations = (
				47150ACA2ABA8D9900D06900 /* Debug */,
				47150ACB2ABA8D9900D06900 /* Release */,
			);
			defaultConfigurationIsVisible = 0;
			defaultConfigurationName = Release;
		};
		47150ACC2ABA8D9900D06900 /* Build configuration list for PBXNativeTarget "Finance TrackerTests" */ = {
			isa = XCConfigurationList;
			buildConfigurations = (
				47150ACD2ABA8D9900D06900 /* Debug */,
				47150ACE2ABA8D9900D06900 /* Release */,
			);
			defaultConfigurationIsVisible = 0;
			defaultConfigurationName = Release;
		};
		47150ACF2ABA8D9900D06900 /* Build configuration list for PBXNativeTarget "Finance TrackerUITests" */ = {
			isa = XCConfigurationList;
			buildConfigurations = (
				47150AD02ABA8D9900D06900 /* Debug */,
				47150AD12ABA8D9900D06900 /* Release */,
			);
			defaultConfigurationIsVisible = 0;
			defaultConfigurationName = Release;
		};
/* End XCConfigurationList section */
	};
	rootObject = 47150A9D2ABA8D9800D06900 /* Project object */;
}
